
Microsoft Visual Studio Solution File, Format Version 12.00
# Visual Studio 15
VisualStudioVersion = 15.0.27004.2005
MinimumVisualStudioVersion = 10.0.40219.1
Project("{FAE04EC0-301F-11D3-BF4B-00C04F79EFBC}") = "GitRebase.Android", "GitRebase\GitRebase.Android\GitRebase.Android.csproj", "{A1328C8E-8AD6-49A9-B27B-B3B6423FCAC7}"
EndProject
Project("{FAE04EC0-301F-11D3-BF4B-00C04F79EFBC}") = "GitRebase", "GitRebase\GitRebase\GitRebase.csproj", "{36C42D30-A318-47BF-B790-1A7DCB245EE2}"
EndProject
Project("{FAE04EC0-301F-11D3-BF4B-00C04F79EFBC}") = "GitRebase.UWP", "GitRebase\GitRebase.UWP\GitRebase.UWP.csproj", "{D024C663-AD8A-4EA1-B32C-2AA961CCF05D}"
EndProject
Project("{FAE04EC0-301F-11D3-BF4B-00C04F79EFBC}") = "GitRebase.iOS", "GitRebase\GitRebase.iOS\GitRebase.iOS.csproj", "{D1395216-CBA4-4D76-8B2D-6B243CF1141D}"
EndProject
Global
	GlobalSection(SolutionConfigurationPlatforms) = preSolution
		Ad-Hoc|Any CPU = Ad-Hoc|Any CPU
		Ad-Hoc|ARM = Ad-Hoc|ARM
		Ad-Hoc|iPhone = Ad-Hoc|iPhone
		Ad-Hoc|iPhoneSimulator = Ad-Hoc|iPhoneSimulator
		Ad-Hoc|x64 = Ad-Hoc|x64
		Ad-Hoc|x86 = Ad-Hoc|x86
		AppStore|Any CPU = AppStore|Any CPU
		AppStore|ARM = AppStore|ARM
		AppStore|iPhone = AppStore|iPhone
		AppStore|iPhoneSimulator = AppStore|iPhoneSimulator
		AppStore|x64 = AppStore|x64
		AppStore|x86 = AppStore|x86
		Debug|Any CPU = Debug|Any CPU
		Debug|ARM = Debug|ARM
		Debug|iPhone = Debug|iPhone
		Debug|iPhoneSimulator = Debug|iPhoneSimulator
		Debug|x64 = Debug|x64
		Debug|x86 = Debug|x86
		Release|Any CPU = Release|Any CPU
		Release|ARM = Release|ARM
		Release|iPhone = Release|iPhone
		Release|iPhoneSimulator = Release|iPhoneSimulator
		Release|x64 = Release|x64
		Release|x86 = Release|x86
	EndGlobalSection
	GlobalSection(ProjectConfigurationPlatforms) = postSolution
		{A1328C8E-8AD6-49A9-B27B-B3B6423FCAC7}.Ad-Hoc|Any CPU.ActiveCfg = Release|Any CPU
		{A1328C8E-8AD6-49A9-B27B-B3B6423FCAC7}.Ad-Hoc|Any CPU.Build.0 = Release|Any CPU
		{A1328C8E-8AD6-49A9-B27B-B3B6423FCAC7}.Ad-Hoc|Any CPU.Deploy.0 = Release|Any CPU
		{A1328C8E-8AD6-49A9-B27B-B3B6423FCAC7}.Ad-Hoc|ARM.ActiveCfg = Release|Any CPU
		{A1328C8E-8AD6-49A9-B27B-B3B6423FCAC7}.Ad-Hoc|ARM.Build.0 = Release|Any CPU
		{A1328C8E-8AD6-49A9-B27B-B3B6423FCAC7}.Ad-Hoc|ARM.Deploy.0 = Release|Any CPU
		{A1328C8E-8AD6-49A9-B27B-B3B6423FCAC7}.Ad-Hoc|iPhone.ActiveCfg = Release|Any CPU
		{A1328C8E-8AD6-49A9-B27B-B3B6423FCAC7}.Ad-Hoc|iPhone.Build.0 = Release|Any CPU
		{A1328C8E-8AD6-49A9-B27B-B3B6423FCAC7}.Ad-Hoc|iPhone.Deploy.0 = Release|Any CPU
		{A1328C8E-8AD6-49A9-B27B-B3B6423FCAC7}.Ad-Hoc|iPhoneSimulator.ActiveCfg = Release|Any CPU
		{A1328C8E-8AD6-49A9-B27B-B3B6423FCAC7}.Ad-Hoc|iPhoneSimulator.Build.0 = Release|Any CPU
		{A1328C8E-8AD6-49A9-B27B-B3B6423FCAC7}.Ad-Hoc|iPhoneSimulator.Deploy.0 = Release|Any CPU
		{A1328C8E-8AD6-49A9-B27B-B3B6423FCAC7}.Ad-Hoc|x64.ActiveCfg = Release|Any CPU
		{A1328C8E-8AD6-49A9-B27B-B3B6423FCAC7}.Ad-Hoc|x64.Build.0 = Release|Any CPU
		{A1328C8E-8AD6-49A9-B27B-B3B6423FCAC7}.Ad-Hoc|x64.Deploy.0 = Release|Any CPU
		{A1328C8E-8AD6-49A9-B27B-B3B6423FCAC7}.Ad-Hoc|x86.ActiveCfg = Release|Any CPU
		{A1328C8E-8AD6-49A9-B27B-B3B6423FCAC7}.Ad-Hoc|x86.Build.0 = Release|Any CPU
		{A1328C8E-8AD6-49A9-B27B-B3B6423FCAC7}.Ad-Hoc|x86.Deploy.0 = Release|Any CPU
		{A1328C8E-8AD6-49A9-B27B-B3B6423FCAC7}.AppStore|Any CPU.ActiveCfg = Release|Any CPU
		{A1328C8E-8AD6-49A9-B27B-B3B6423FCAC7}.AppStore|Any CPU.Build.0 = Release|Any CPU
		{A1328C8E-8AD6-49A9-B27B-B3B6423FCAC7}.AppStore|Any CPU.Deploy.0 = Release|Any CPU
		{A1328C8E-8AD6-49A9-B27B-B3B6423FCAC7}.AppStore|ARM.ActiveCfg = Release|Any CPU
		{A1328C8E-8AD6-49A9-B27B-B3B6423FCAC7}.AppStore|ARM.Build.0 = Release|Any CPU
		{A1328C8E-8AD6-49A9-B27B-B3B6423FCAC7}.AppStore|ARM.Deploy.0 = Release|Any CPU
		{A1328C8E-8AD6-49A9-B27B-B3B6423FCAC7}.AppStore|iPhone.ActiveCfg = Release|Any CPU
		{A1328C8E-8AD6-49A9-B27B-B3B6423FCAC7}.AppStore|iPhone.Build.0 = Release|Any CPU
		{A1328C8E-8AD6-49A9-B27B-B3B6423FCAC7}.AppStore|iPhone.Deploy.0 = Release|Any CPU
		{A1328C8E-8AD6-49A9-B27B-B3B6423FCAC7}.AppStore|iPhoneSimulator.ActiveCfg = Release|Any CPU
		{A1328C8E-8AD6-49A9-B27B-B3B6423FCAC7}.AppStore|iPhoneSimulator.Build.0 = Release|Any CPU
		{A1328C8E-8AD6-49A9-B27B-B3B6423FCAC7}.AppStore|iPhoneSimulator.Deploy.0 = Release|Any CPU
		{A1328C8E-8AD6-49A9-B27B-B3B6423FCAC7}.AppStore|x64.ActiveCfg = Release|Any CPU
		{A1328C8E-8AD6-49A9-B27B-B3B6423FCAC7}.AppStore|x64.Build.0 = Release|Any CPU
		{A1328C8E-8AD6-49A9-B27B-B3B6423FCAC7}.AppStore|x64.Deploy.0 = Release|Any CPU
		{A1328C8E-8AD6-49A9-B27B-B3B6423FCAC7}.AppStore|x86.ActiveCfg = Release|Any CPU
		{A1328C8E-8AD6-49A9-B27B-B3B6423FCAC7}.AppStore|x86.Build.0 = Release|Any CPU
		{A1328C8E-8AD6-49A9-B27B-B3B6423FCAC7}.AppStore|x86.Deploy.0 = Release|Any CPU
		{A1328C8E-8AD6-49A9-B27B-B3B6423FCAC7}.Debug|Any CPU.ActiveCfg = Debug|Any CPU
		{A1328C8E-8AD6-49A9-B27B-B3B6423FCAC7}.Debug|Any CPU.Build.0 = Debug|Any CPU
		{A1328C8E-8AD6-49A9-B27B-B3B6423FCAC7}.Debug|Any CPU.Deploy.0 = Debug|Any CPU
		{A1328C8E-8AD6-49A9-B27B-B3B6423FCAC7}.Debug|ARM.ActiveCfg = Debug|Any CPU
		{A1328C8E-8AD6-49A9-B27B-B3B6423FCAC7}.Debug|ARM.Build.0 = Debug|Any CPU
		{A1328C8E-8AD6-49A9-B27B-B3B6423FCAC7}.Debug|ARM.Deploy.0 = Debug|Any CPU
		{A1328C8E-8AD6-49A9-B27B-B3B6423FCAC7}.Debug|iPhone.ActiveCfg = Debug|Any CPU
		{A1328C8E-8AD6-49A9-B27B-B3B6423FCAC7}.Debug|iPhone.Build.0 = Debug|Any CPU
		{A1328C8E-8AD6-49A9-B27B-B3B6423FCAC7}.Debug|iPhone.Deploy.0 = Debug|Any CPU
		{A1328C8E-8AD6-49A9-B27B-B3B6423FCAC7}.Debug|iPhoneSimulator.ActiveCfg = Debug|Any CPU
		{A1328C8E-8AD6-49A9-B27B-B3B6423FCAC7}.Debug|iPhoneSimulator.Build.0 = Debug|Any CPU
		{A1328C8E-8AD6-49A9-B27B-B3B6423FCAC7}.Debug|iPhoneSimulator.Deploy.0 = Debug|Any CPU
		{A1328C8E-8AD6-49A9-B27B-B3B6423FCAC7}.Debug|x64.ActiveCfg = Debug|Any CPU
		{A1328C8E-8AD6-49A9-B27B-B3B6423FCAC7}.Debug|x64.Build.0 = Debug|Any CPU
		{A1328C8E-8AD6-49A9-B27B-B3B6423FCAC7}.Debug|x64.Deploy.0 = Debug|Any CPU
		{A1328C8E-8AD6-49A9-B27B-B3B6423FCAC7}.Debug|x86.ActiveCfg = Debug|Any CPU
		{A1328C8E-8AD6-49A9-B27B-B3B6423FCAC7}.Debug|x86.Build.0 = Debug|Any CPU
		{A1328C8E-8AD6-49A9-B27B-B3B6423FCAC7}.Debug|x86.Deploy.0 = Debug|Any CPU
		{A1328C8E-8AD6-49A9-B27B-B3B6423FCAC7}.Release|Any CPU.ActiveCfg = Release|Any CPU
		{A1328C8E-8AD6-49A9-B27B-B3B6423FCAC7}.Release|Any CPU.Build.0 = Release|Any CPU
		{A1328C8E-8AD6-49A9-B27B-B3B6423FCAC7}.Release|Any CPU.Deploy.0 = Release|Any CPU
		{A1328C8E-8AD6-49A9-B27B-B3B6423FCAC7}.Release|ARM.ActiveCfg = Release|Any CPU
		{A1328C8E-8AD6-49A9-B27B-B3B6423FCAC7}.Release|ARM.Build.0 = Release|Any CPU
		{A1328C8E-8AD6-49A9-B27B-B3B6423FCAC7}.Release|ARM.Deploy.0 = Release|Any CPU
		{A1328C8E-8AD6-49A9-B27B-B3B6423FCAC7}.Release|iPhone.ActiveCfg = Release|Any CPU
		{A1328C8E-8AD6-49A9-B27B-B3B6423FCAC7}.Release|iPhone.Build.0 = Release|Any CPU
		{A1328C8E-8AD6-49A9-B27B-B3B6423FCAC7}.Release|iPhone.Deploy.0 = Release|Any CPU
		{A1328C8E-8AD6-49A9-B27B-B3B6423FCAC7}.Release|iPhoneSimulator.ActiveCfg = Release|Any CPU
		{A1328C8E-8AD6-49A9-B27B-B3B6423FCAC7}.Release|iPhoneSimulator.Build.0 = Release|Any CPU
		{A1328C8E-8AD6-49A9-B27B-B3B6423FCAC7}.Release|iPhoneSimulator.Deploy.0 = Release|Any CPU
		{A1328C8E-8AD6-49A9-B27B-B3B6423FCAC7}.Release|x64.ActiveCfg = Release|Any CPU
		{A1328C8E-8AD6-49A9-B27B-B3B6423FCAC7}.Release|x64.Build.0 = Release|Any CPU
		{A1328C8E-8AD6-49A9-B27B-B3B6423FCAC7}.Release|x64.Deploy.0 = Release|Any CPU
		{A1328C8E-8AD6-49A9-B27B-B3B6423FCAC7}.Release|x86.ActiveCfg = Release|Any CPU
		{A1328C8E-8AD6-49A9-B27B-B3B6423FCAC7}.Release|x86.Build.0 = Release|Any CPU
		{A1328C8E-8AD6-49A9-B27B-B3B6423FCAC7}.Release|x86.Deploy.0 = Release|Any CPU
		{36C42D30-A318-47BF-B790-1A7DCB245EE2}.Ad-Hoc|Any CPU.ActiveCfg = Release|Any CPU
		{36C42D30-A318-47BF-B790-1A7DCB245EE2}.Ad-Hoc|Any CPU.Build.0 = Release|Any CPU
		{36C42D30-A318-47BF-B790-1A7DCB245EE2}.Ad-Hoc|ARM.ActiveCfg = Release|Any CPU
		{36C42D30-A318-47BF-B790-1A7DCB245EE2}.Ad-Hoc|ARM.Build.0 = Release|Any CPU
		{36C42D30-A318-47BF-B790-1A7DCB245EE2}.Ad-Hoc|iPhone.ActiveCfg = Release|Any CPU
		{36C42D30-A318-47BF-B790-1A7DCB245EE2}.Ad-Hoc|iPhone.Build.0 = Release|Any CPU
		{36C42D30-A318-47BF-B790-1A7DCB245EE2}.Ad-Hoc|iPhoneSimulator.ActiveCfg = Release|Any CPU
		{36C42D30-A318-47BF-B790-1A7DCB245EE2}.Ad-Hoc|iPhoneSimulator.Build.0 = Release|Any CPU
		{36C42D30-A318-47BF-B790-1A7DCB245EE2}.Ad-Hoc|x64.ActiveCfg = Release|Any CPU
		{36C42D30-A318-47BF-B790-1A7DCB245EE2}.Ad-Hoc|x64.Build.0 = Release|Any CPU
		{36C42D30-A318-47BF-B790-1A7DCB245EE2}.Ad-Hoc|x86.ActiveCfg = Release|Any CPU
		{36C42D30-A318-47BF-B790-1A7DCB245EE2}.Ad-Hoc|x86.Build.0 = Release|Any CPU
		{36C42D30-A318-47BF-B790-1A7DCB245EE2}.AppStore|Any CPU.ActiveCfg = Release|Any CPU
		{36C42D30-A318-47BF-B790-1A7DCB245EE2}.AppStore|Any CPU.Build.0 = Release|Any CPU
		{36C42D30-A318-47BF-B790-1A7DCB245EE2}.AppStore|ARM.ActiveCfg = Release|Any CPU
		{36C42D30-A318-47BF-B790-1A7DCB245EE2}.AppStore|ARM.Build.0 = Release|Any CPU
		{36C42D30-A318-47BF-B790-1A7DCB245EE2}.AppStore|iPhone.ActiveCfg = Release|Any CPU
		{36C42D30-A318-47BF-B790-1A7DCB245EE2}.AppStore|iPhone.Build.0 = Release|Any CPU
		{36C42D30-A318-47BF-B790-1A7DCB245EE2}.AppStore|iPhoneSimulator.ActiveCfg = Release|Any CPU
		{36C42D30-A318-47BF-B790-1A7DCB245EE2}.AppStore|iPhoneSimulator.Build.0 = Release|Any CPU
		{36C42D30-A318-47BF-B790-1A7DCB245EE2}.AppStore|x64.ActiveCfg = Release|Any CPU
		{36C42D30-A318-47BF-B790-1A7DCB245EE2}.AppStore|x64.Build.0 = Release|Any CPU
		{36C42D30-A318-47BF-B790-1A7DCB245EE2}.AppStore|x86.ActiveCfg = Release|Any CPU
		{36C42D30-A318-47BF-B790-1A7DCB245EE2}.AppStore|x86.Build.0 = Release|Any CPU
		{36C42D30-A318-47BF-B790-1A7DCB245EE2}.Debug|Any CPU.ActiveCfg = Debug|Any CPU
		{36C42D30-A318-47BF-B790-1A7DCB245EE2}.Debug|Any CPU.Build.0 = Debug|Any CPU
		{36C42D30-A318-47BF-B790-1A7DCB245EE2}.Debug|ARM.ActiveCfg = Debug|Any CPU
		{36C42D30-A318-47BF-B790-1A7DCB245EE2}.Debug|ARM.Build.0 = Debug|Any CPU
		{36C42D30-A318-47BF-B790-1A7DCB245EE2}.Debug|iPhone.ActiveCfg = Debug|Any CPU
		{36C42D30-A318-47BF-B790-1A7DCB245EE2}.Debug|iPhone.Build.0 = Debug|Any CPU
		{36C42D30-A318-47BF-B790-1A7DCB245EE2}.Debug|iPhoneSimulator.ActiveCfg = Debug|Any CPU
		{36C42D30-A318-47BF-B790-1A7DCB245EE2}.Debug|iPhoneSimulator.Build.0 = Debug|Any CPU
		{36C42D30-A318-47BF-B790-1A7DCB245EE2}.Debug|x64.ActiveCfg = Debug|Any CPU
		{36C42D30-A318-47BF-B790-1A7DCB245EE2}.Debug|x64.Build.0 = Debug|Any CPU
		{36C42D30-A318-47BF-B790-1A7DCB245EE2}.Debug|x86.ActiveCfg = Debug|Any CPU
		{36C42D30-A318-47BF-B790-1A7DCB245EE2}.Debug|x86.Build.0 = Debug|Any CPU
		{36C42D30-A318-47BF-B790-1A7DCB245EE2}.Release|Any CPU.ActiveCfg = Release|Any CPU
		{36C42D30-A318-47BF-B790-1A7DCB245EE2}.Release|Any CPU.Build.0 = Release|Any CPU
		{36C42D30-A318-47BF-B790-1A7DCB245EE2}.Release|ARM.ActiveCfg = Release|Any CPU
		{36C42D30-A318-47BF-B790-1A7DCB245EE2}.Release|ARM.Build.0 = Release|Any CPU
		{36C42D30-A318-47BF-B790-1A7DCB245EE2}.Release|iPhone.ActiveCfg = Release|Any CPU
		{36C42D30-A318-47BF-B790-1A7DCB245EE2}.Release|iPhone.Build.0 = Release|Any CPU
		{36C42D30-A318-47BF-B790-1A7DCB245EE2}.Release|iPhoneSimulator.ActiveCfg = Release|Any CPU
		{36C42D30-A318-47BF-B790-1A7DCB245EE2}.Release|iPhoneSimulator.Build.0 = Release|Any CPU
		{36C42D30-A318-47BF-B790-1A7DCB245EE2}.Release|x64.ActiveCfg = Release|Any CPU
		{36C42D30-A318-47BF-B790-1A7DCB245EE2}.Release|x64.Build.0 = Release|Any CPU
		{36C42D30-A318-47BF-B790-1A7DCB245EE2}.Release|x86.ActiveCfg = Release|Any CPU
		{36C42D30-A318-47BF-B790-1A7DCB245EE2}.Release|x86.Build.0 = Release|Any CPU
		{D024C663-AD8A-4EA1-B32C-2AA961CCF05D}.Ad-Hoc|Any CPU.ActiveCfg = Release|x86
		{D024C663-AD8A-4EA1-B32C-2AA961CCF05D}.Ad-Hoc|Any CPU.Build.0 = Release|x86
		{D024C663-AD8A-4EA1-B32C-2AA961CCF05D}.Ad-Hoc|Any CPU.Deploy.0 = Release|x86
		{D024C663-AD8A-4EA1-B32C-2AA961CCF05D}.Ad-Hoc|ARM.ActiveCfg = Release|ARM
		{D024C663-AD8A-4EA1-B32C-2AA961CCF05D}.Ad-Hoc|ARM.Build.0 = Release|ARM
		{D024C663-AD8A-4EA1-B32C-2AA961CCF05D}.Ad-Hoc|ARM.Deploy.0 = Release|ARM
		{D024C663-AD8A-4EA1-B32C-2AA961CCF05D}.Ad-Hoc|iPhone.ActiveCfg = Release|x86
		{D024C663-AD8A-4EA1-B32C-2AA961CCF05D}.Ad-Hoc|iPhone.Build.0 = Release|x86
		{D024C663-AD8A-4EA1-B32C-2AA961CCF05D}.Ad-Hoc|iPhone.Deploy.0 = Release|x86
		{D024C663-AD8A-4EA1-B32C-2AA961CCF05D}.Ad-Hoc|iPhoneSimulator.ActiveCfg = Release|x86
		{D024C663-AD8A-4EA1-B32C-2AA961CCF05D}.Ad-Hoc|iPhoneSimulator.Build.0 = Release|x86
		{D024C663-AD8A-4EA1-B32C-2AA961CCF05D}.Ad-Hoc|iPhoneSimulator.Deploy.0 = Release|x86
		{D024C663-AD8A-4EA1-B32C-2AA961CCF05D}.Ad-Hoc|x64.ActiveCfg = Release|x64
		{D024C663-AD8A-4EA1-B32C-2AA961CCF05D}.Ad-Hoc|x64.Build.0 = Release|x64
		{D024C663-AD8A-4EA1-B32C-2AA961CCF05D}.Ad-Hoc|x64.Deploy.0 = Release|x64
		{D024C663-AD8A-4EA1-B32C-2AA961CCF05D}.Ad-Hoc|x86.ActiveCfg = Release|x86
		{D024C663-AD8A-4EA1-B32C-2AA961CCF05D}.Ad-Hoc|x86.Build.0 = Release|x86
		{D024C663-AD8A-4EA1-B32C-2AA961CCF05D}.Ad-Hoc|x86.Deploy.0 = Release|x86
		{D024C663-AD8A-4EA1-B32C-2AA961CCF05D}.AppStore|Any CPU.ActiveCfg = Release|x86
		{D024C663-AD8A-4EA1-B32C-2AA961CCF05D}.AppStore|Any CPU.Build.0 = Release|x86
		{D024C663-AD8A-4EA1-B32C-2AA961CCF05D}.AppStore|Any CPU.Deploy.0 = Release|x86
		{D024C663-AD8A-4EA1-B32C-2AA961CCF05D}.AppStore|ARM.ActiveCfg = Release|ARM
		{D024C663-AD8A-4EA1-B32C-2AA961CCF05D}.AppStore|ARM.Build.0 = Release|ARM
		{D024C663-AD8A-4EA1-B32C-2AA961CCF05D}.AppStore|ARM.Deploy.0 = Release|ARM
		{D024C663-AD8A-4EA1-B32C-2AA961CCF05D}.AppStore|iPhone.ActiveCfg = Release|x86
		{D024C663-AD8A-4EA1-B32C-2AA961CCF05D}.AppStore|iPhone.Build.0 = Release|x86
		{D024C663-AD8A-4EA1-B32C-2AA961CCF05D}.AppStore|iPhone.Deploy.0 = Release|x86
		{D024C663-AD8A-4EA1-B32C-2AA961CCF05D}.AppStore|iPhoneSimulator.ActiveCfg = Release|x86
		{D024C663-AD8A-4EA1-B32C-2AA961CCF05D}.AppStore|iPhoneSimulator.Build.0 = Release|x86
		{D024C663-AD8A-4EA1-B32C-2AA961CCF05D}.AppStore|iPhoneSimulator.Deploy.0 = Release|x86
		{D024C663-AD8A-4EA1-B32C-2AA961CCF05D}.AppStore|x64.ActiveCfg = Release|x64
		{D024C663-AD8A-4EA1-B32C-2AA961CCF05D}.AppStore|x64.Build.0 = Release|x64
		{D024C663-AD8A-4EA1-B32C-2AA961CCF05D}.AppStore|x64.Deploy.0 = Release|x64
		{D024C663-AD8A-4EA1-B32C-2AA961CCF05D}.AppStore|x86.ActiveCfg = Release|x86
		{D024C663-AD8A-4EA1-B32C-2AA961CCF05D}.AppStore|x86.Build.0 = Release|x86
		{D024C663-AD8A-4EA1-B32C-2AA961CCF05D}.AppStore|x86.Deploy.0 = Release|x86
		{D024C663-AD8A-4EA1-B32C-2AA961CCF05D}.Debug|Any CPU.ActiveCfg = Debug|x86
		{D024C663-AD8A-4EA1-B32C-2AA961CCF05D}.Debug|ARM.ActiveCfg = Debug|ARM
		{D024C663-AD8A-4EA1-B32C-2AA961CCF05D}.Debug|ARM.Build.0 = Debug|ARM
		{D024C663-AD8A-4EA1-B32C-2AA961CCF05D}.Debug|ARM.Deploy.0 = Debug|ARM
		{D024C663-AD8A-4EA1-B32C-2AA961CCF05D}.Debug|iPhone.ActiveCfg = Debug|x86
		{D024C663-AD8A-4EA1-B32C-2AA961CCF05D}.Debug|iPhoneSimulator.ActiveCfg = Debug|x86
		{D024C663-AD8A-4EA1-B32C-2AA961CCF05D}.Debug|x64.ActiveCfg = Debug|x64
		{D024C663-AD8A-4EA1-B32C-2AA961CCF05D}.Debug|x64.Build.0 = Debug|x64
		{D024C663-AD8A-4EA1-B32C-2AA961CCF05D}.Debug|x64.Deploy.0 = Debug|x64
		{D024C663-AD8A-4EA1-B32C-2AA961CCF05D}.Debug|x86.ActiveCfg = Debug|x86
		{D024C663-AD8A-4EA1-B32C-2AA961CCF05D}.Debug|x86.Build.0 = Debug|x86
		{D024C663-AD8A-4EA1-B32C-2AA961CCF05D}.Debug|x86.Deploy.0 = Debug|x86
		{D024C663-AD8A-4EA1-B32C-2AA961CCF05D}.Release|Any CPU.ActiveCfg = Release|x86
		{D024C663-AD8A-4EA1-B32C-2AA961CCF05D}.Release|ARM.ActiveCfg = Release|ARM
		{D024C663-AD8A-4EA1-B32C-2AA961CCF05D}.Release|ARM.Build.0 = Release|ARM
		{D024C663-AD8A-4EA1-B32C-2AA961CCF05D}.Release|ARM.Deploy.0 = Release|ARM
		{D024C663-AD8A-4EA1-B32C-2AA961CCF05D}.Release|iPhone.ActiveCfg = Release|x86
		{D024C663-AD8A-4EA1-B32C-2AA961CCF05D}.Release|iPhoneSimulator.ActiveCfg = Release|x86
		{D024C663-AD8A-4EA1-B32C-2AA961CCF05D}.Release|x64.ActiveCfg = Release|x64
		{D024C663-AD8A-4EA1-B32C-2AA961CCF05D}.Release|x64.Build.0 = Release|x64
		{D024C663-AD8A-4EA1-B32C-2AA961CCF05D}.Release|x64.Deploy.0 = Release|x64
		{D024C663-AD8A-4EA1-B32C-2AA961CCF05D}.Release|x86.ActiveCfg = Release|x86
		{D024C663-AD8A-4EA1-B32C-2AA961CCF05D}.Release|x86.Build.0 = Release|x86
		{D024C663-AD8A-4EA1-B32C-2AA961CCF05D}.Release|x86.Deploy.0 = Release|x86
		{D1395216-CBA4-4D76-8B2D-6B243CF1141D}.Ad-Hoc|Any CPU.ActiveCfg = Ad-Hoc|iPhoneSimulator
		{D1395216-CBA4-4D76-8B2D-6B243CF1141D}.Ad-Hoc|ARM.ActiveCfg = Ad-Hoc|iPhone
		{D1395216-CBA4-4D76-8B2D-6B243CF1141D}.Ad-Hoc|iPhone.ActiveCfg = Ad-Hoc|iPhone
		{D1395216-CBA4-4D76-8B2D-6B243CF1141D}.Ad-Hoc|iPhone.Build.0 = Ad-Hoc|iPhone
		{D1395216-CBA4-4D76-8B2D-6B243CF1141D}.Ad-Hoc|iPhoneSimulator.ActiveCfg = Ad-Hoc|iPhoneSimulator
		{D1395216-CBA4-4D76-8B2D-6B243CF1141D}.Ad-Hoc|iPhoneSimulator.Build.0 = Ad-Hoc|iPhoneSimulator
		{D1395216-CBA4-4D76-8B2D-6B243CF1141D}.Ad-Hoc|x64.ActiveCfg = Ad-Hoc|iPhone
		{D1395216-CBA4-4D76-8B2D-6B243CF1141D}.Ad-Hoc|x86.ActiveCfg = Ad-Hoc|iPhone
		{D1395216-CBA4-4D76-8B2D-6B243CF1141D}.AppStore|Any CPU.ActiveCfg = AppStore|iPhoneSimulator
		{D1395216-CBA4-4D76-8B2D-6B243CF1141D}.AppStore|ARM.ActiveCfg = AppStore|iPhone
		{D1395216-CBA4-4D76-8B2D-6B243CF1141D}.AppStore|iPhone.ActiveCfg = AppStore|iPhone
		{D1395216-CBA4-4D76-8B2D-6B243CF1141D}.AppStore|iPhone.Build.0 = AppStore|iPhone
		{D1395216-CBA4-4D76-8B2D-6B243CF1141D}.AppStore|iPhoneSimulator.ActiveCfg = AppStore|iPhoneSimulator
		{D1395216-CBA4-4D76-8B2D-6B243CF1141D}.AppStore|iPhoneSimulator.Build.0 = AppStore|iPhoneSimulator
		{D1395216-CBA4-4D76-8B2D-6B243CF1141D}.AppStore|x64.ActiveCfg = AppStore|iPhone
		{D1395216-CBA4-4D76-8B2D-6B243CF1141D}.AppStore|x86.ActiveCfg = AppStore|iPhone
		{D1395216-CBA4-4D76-8B2D-6B243CF1141D}.Debug|Any CPU.ActiveCfg = Debug|iPhoneSimulator
		{D1395216-CBA4-4D76-8B2D-6B243CF1141D}.Debug|ARM.ActiveCfg = Debug|iPhone
		{D1395216-CBA4-4D76-8B2D-6B243CF1141D}.Debug|iPhone.ActiveCfg = Debug|iPhone
		{D1395216-CBA4-4D76-8B2D-6B243CF1141D}.Debug|iPhone.Build.0 = Debug|iPhone
		{D1395216-CBA4-4D76-8B2D-6B243CF1141D}.Debug|iPhoneSimulator.ActiveCfg = Debug|iPhoneSimulator
		{D1395216-CBA4-4D76-8B2D-6B243CF1141D}.Debug|iPhoneSimulator.Build.0 = Debug|iPhoneSimulator
		{D1395216-CBA4-4D76-8B2D-6B243CF1141D}.Debug|x64.ActiveCfg = Debug|iPhone
		{D1395216-CBA4-4D76-8B2D-6B243CF1141D}.Debug|x86.ActiveCfg = Debug|iPhone
		{D1395216-CBA4-4D76-8B2D-6B243CF1141D}.Release|Any CPU.ActiveCfg = Release|iPhoneSimulator
		{D1395216-CBA4-4D76-8B2D-6B243CF1141D}.Release|ARM.ActiveCfg = Release|iPhone
		{D1395216-CBA4-4D76-8B2D-6B243CF1141D}.Release|iPhone.ActiveCfg = Release|iPhone
		{D1395216-CBA4-4D76-8B2D-6B243CF1141D}.Release|iPhone.Build.0 = Release|iPhone
		{D1395216-CBA4-4D76-8B2D-6B243CF1141D}.Release|iPhoneSimulator.ActiveCfg = Release|iPhoneSimulator
		{D1395216-CBA4-4D76-8B2D-6B243CF1141D}.Release|iPhoneSimulator.Build.0 = Release|iPhoneSimulator
		{D1395216-CBA4-4D76-8B2D-6B243CF1141D}.Release|x64.ActiveCfg = Release|iPhone
		{D1395216-CBA4-4D76-8B2D-6B243CF1141D}.Release|x86.ActiveCfg = Release|iPhone
	EndGlobalSection
	GlobalSection(SolutionProperties) = preSolution
		HideSolutionNode = FALSE
	EndGlobalSection
	GlobalSection(ExtensibilityGlobals) = postSolution
		SolutionGuid = {DD135B3F-3B63-4E88-BBCB-9BDCCB76FE84}
	EndGlobalSection
EndGlobal
